
Microsoft Visual Studio Solution File, Format Version 12.00
# Visual Studio Version 17
VisualStudioVersion = 17.7.34024.191
MinimumVisualStudioVersion = 10.0.40219.1
Project("{FAE04EC0-301F-11D3-BF4B-00C04F79EFBC}") = "TareaAprendizaje01", "WindowsFormsApp3\TareaAprendizaje01.csproj", "{D68A2A9B-9DA1-4FB3-9E06-FA61BE22FA9A}"
EndProject
Global
	GlobalSection(SolutionConfigurationPlatforms) = preSolution
		Debug|Any CPU = Debug|Any CPU
		Release|Any CPU = Release|Any CPU
	EndGlobalSection
	GlobalSection(ProjectConfigurationPlatforms) = postSolution
		{D68A2A9B-9DA1-4FB3-9E06-FA61BE22FA9A}.Debug|Any CPU.ActiveCfg = Debug|Any CPU
		{D68A2A9B-9DA1-4FB3-9E06-FA61BE22FA9A}.Debug|Any CPU.Build.0 = Debug|Any CPU
		{D68A2A9B-9DA1-4FB3-9E06-FA61BE22FA9A}.Release|Any CPU.ActiveCfg = Release|Any CPU
		{D68A2A9B-9DA1-4FB3-9E06-FA61BE22FA9A}.Release|Any CPU.Build.0 = Release|Any CPU
	EndGlobalSection
	GlobalSection(SolutionProperties) = preSolution
		HideSolutionNode = FALSE
	EndGlobalSection
	GlobalSection(ExtensibilityGlobals) = postSolution
		SolutionGuid = {DCA68E03-E960-4F91-AC22-E69F2B57B07C}
	EndGlobalSection
EndGlobal
